
Microsoft Visual Studio Solution File, Format Version 12.00
# Visual Studio Version 17
VisualStudioVersion = 17.5.33530.505
MinimumVisualStudioVersion = 10.0.40219.1
Project("{FAE04EC0-301F-11D3-BF4B-00C04F79EFBC}") = "Lobby", "Lobby\Lobby.csproj", "{592F028F-46A0-4966-AB78-A7E44B96F6D6}"
EndProject
Global
	GlobalSection(SolutionConfigurationPlatforms) = preSolution
		Debug|Any CPU = Debug|Any CPU
		Release|Any CPU = Release|Any CPU
	EndGlobalSection
	GlobalSection(ProjectConfigurationPlatforms) = postSolution
		{592F028F-46A0-4966-AB78-A7E44B96F6D6}.Debug|Any CPU.ActiveCfg = Debug|Any CPU
		{592F028F-46A0-4966-AB78-A7E44B96F6D6}.Debug|Any CPU.Build.0 = Debug|Any CPU
		{592F028F-46A0-4966-AB78-A7E44B96F6D6}.Release|Any CPU.ActiveCfg = Release|Any CPU
		{592F028F-46A0-4966-AB78-A7E44B96F6D6}.Release|Any CPU.Build.0 = Release|Any CPU
	EndGlobalSection
	GlobalSection(SolutionProperties) = preSolution
		HideSolutionNode = FALSE
	EndGlobalSection
	GlobalSection(ExtensibilityGlobals) = postSolution
		SolutionGuid = {35813CAB-4C77-4C12-AFE4-DC2B060D2136}
	EndGlobalSection
EndGlobal
